
Microsoft Visual Studio Solution File, Format Version 12.00
# Visual Studio Version 17
VisualStudioVersion = 17.11.35222.181
MinimumVisualStudioVersion = 10.0.40219.1
Project("{FAE04EC0-301F-11D3-BF4B-00C04F79EFBC}") = "Fruit", "Fruit\Fruit.csproj", "{5A2B7C22-1B25-4406-812E-5A5425E51046}"
EndProject
Global
	GlobalSection(SolutionConfigurationPlatforms) = preSolution
		Debug|Any CPU = Debug|Any CPU
		Release|Any CPU = Release|Any CPU
	EndGlobalSection
	GlobalSection(ProjectConfigurationPlatforms) = postSolution
		{5A2B7C22-1B25-4406-812E-5A5425E51046}.Debug|Any CPU.ActiveCfg = Debug|Any CPU
		{5A2B7C22-1B25-4406-812E-5A5425E51046}.Debug|Any CPU.Build.0 = Debug|Any CPU
		{5A2B7C22-1B25-4406-812E-5A5425E51046}.Release|Any CPU.ActiveCfg = Release|Any CPU
		{5A2B7C22-1B25-4406-812E-5A5425E51046}.Release|Any CPU.Build.0 = Release|Any CPU
	EndGlobalSection
	GlobalSection(SolutionProperties) = preSolution
		HideSolutionNode = FALSE
	EndGlobalSection
	GlobalSection(ExtensibilityGlobals) = postSolution
		SolutionGuid = {A37B1FA6-41DE-4419-8976-AC909A3D59CD}
	EndGlobalSection
EndGlobal
